
Microsoft Visual Studio Solution File, Format Version 12.00
# Visual Studio Version 16
VisualStudioVersion = 16.0.29926.136
MinimumVisualStudioVersion = 10.0.40219.1
Project("{FAE04EC0-301F-11D3-BF4B-00C04F79EFBC}") = "xamarinProjekt.Android", "xamarinProjekt\xamarinProjekt.Android\xamarinProjekt.Android.csproj", "{09606027-8836-4BE5-A044-A059894686CC}"
EndProject
Project("{FAE04EC0-301F-11D3-BF4B-00C04F79EFBC}") = "xamarinProjekt.iOS", "xamarinProjekt\xamarinProjekt.iOS\xamarinProjekt.iOS.csproj", "{35BF642E-8B12-45CE-B2E7-8001402238FB}"
EndProject
Project("{FAE04EC0-301F-11D3-BF4B-00C04F79EFBC}") = "xamarinProjekt", "xamarinProjekt\xamarinProjekt\xamarinProjekt.csproj", "{2CAD683D-5CFE-4297-81B3-75066119BDCD}"
EndProject
Global
	GlobalSection(SolutionConfigurationPlatforms) = preSolution
		Debug|Any CPU = Debug|Any CPU
		Debug|iPhone = Debug|iPhone
		Debug|iPhoneSimulator = Debug|iPhoneSimulator
		Release|Any CPU = Release|Any CPU
		Release|iPhone = Release|iPhone
		Release|iPhoneSimulator = Release|iPhoneSimulator
	EndGlobalSection
	GlobalSection(ProjectConfigurationPlatforms) = postSolution
		{09606027-8836-4BE5-A044-A059894686CC}.Debug|Any CPU.ActiveCfg = Debug|Any CPU
		{09606027-8836-4BE5-A044-A059894686CC}.Debug|Any CPU.Build.0 = Debug|Any CPU
		{09606027-8836-4BE5-A044-A059894686CC}.Debug|Any CPU.Deploy.0 = Debug|Any CPU
		{09606027-8836-4BE5-A044-A059894686CC}.Debug|iPhone.ActiveCfg = Debug|Any CPU
		{09606027-8836-4BE5-A044-A059894686CC}.Debug|iPhone.Build.0 = Debug|Any CPU
		{09606027-8836-4BE5-A044-A059894686CC}.Debug|iPhone.Deploy.0 = Debug|Any CPU
		{09606027-8836-4BE5-A044-A059894686CC}.Debug|iPhoneSimulator.ActiveCfg = Debug|Any CPU
		{09606027-8836-4BE5-A044-A059894686CC}.Debug|iPhoneSimulator.Build.0 = Debug|Any CPU
		{09606027-8836-4BE5-A044-A059894686CC}.Debug|iPhoneSimulator.Deploy.0 = Debug|Any CPU
		{09606027-8836-4BE5-A044-A059894686CC}.Release|Any CPU.ActiveCfg = Release|Any CPU
		{09606027-8836-4BE5-A044-A059894686CC}.Release|Any CPU.Build.0 = Release|Any CPU
		{09606027-8836-4BE5-A044-A059894686CC}.Release|Any CPU.Deploy.0 = Release|Any CPU
		{09606027-8836-4BE5-A044-A059894686CC}.Release|iPhone.ActiveCfg = Release|Any CPU
		{09606027-8836-4BE5-A044-A059894686CC}.Release|iPhone.Build.0 = Release|Any CPU
		{09606027-8836-4BE5-A044-A059894686CC}.Release|iPhone.Deploy.0 = Release|Any CPU
		{09606027-8836-4BE5-A044-A059894686CC}.Release|iPhoneSimulator.ActiveCfg = Release|Any CPU
		{09606027-8836-4BE5-A044-A059894686CC}.Release|iPhoneSimulator.Build.0 = Release|Any CPU
		{09606027-8836-4BE5-A044-A059894686CC}.Release|iPhoneSimulator.Deploy.0 = Release|Any CPU
		{35BF642E-8B12-45CE-B2E7-8001402238FB}.Debug|Any CPU.ActiveCfg = Debug|iPhone
		{35BF642E-8B12-45CE-B2E7-8001402238FB}.Debug|Any CPU.Build.0 = Debug|iPhone
		{35BF642E-8B12-45CE-B2E7-8001402238FB}.Debug|Any CPU.Deploy.0 = Debug|iPhone
		{35BF642E-8B12-45CE-B2E7-8001402238FB}.Debug|iPhone.ActiveCfg = Debug|iPhone
		{35BF642E-8B12-45CE-B2E7-8001402238FB}.Debug|iPhone.Build.0 = Debug|iPhone
		{35BF642E-8B12-45CE-B2E7-8001402238FB}.Debug|iPhone.Deploy.0 = Debug|iPhone
		{35BF642E-8B12-45CE-B2E7-8001402238FB}.Debug|iPhoneSimulator.ActiveCfg = Debug|iPhoneSimulator
		{35BF642E-8B12-45CE-B2E7-8001402238FB}.Debug|iPhoneSimulator.Build.0 = Debug|iPhoneSimulator
		{35BF642E-8B12-45CE-B2E7-8001402238FB}.Debug|iPhoneSimulator.Deploy.0 = Debug|iPhoneSimulator
		{35BF642E-8B12-45CE-B2E7-8001402238FB}.Release|Any CPU.ActiveCfg = Release|iPhone
		{35BF642E-8B12-45CE-B2E7-8001402238FB}.Release|Any CPU.Build.0 = Release|iPhone
		{35BF642E-8B12-45CE-B2E7-8001402238FB}.Release|Any CPU.Deploy.0 = Release|iPhone
		{35BF642E-8B12-45CE-B2E7-8001402238FB}.Release|iPhone.ActiveCfg = Release|iPhone
		{35BF642E-8B12-45CE-B2E7-8001402238FB}.Release|iPhone.Build.0 = Release|iPhone
		{35BF642E-8B12-45CE-B2E7-8001402238FB}.Release|iPhone.Deploy.0 = Release|iPhone
		{35BF642E-8B12-45CE-B2E7-8001402238FB}.Release|iPhoneSimulator.ActiveCfg = Release|iPhoneSimulator
		{35BF642E-8B12-45CE-B2E7-8001402238FB}.Release|iPhoneSimulator.Build.0 = Release|iPhoneSimulator
		{35BF642E-8B12-45CE-B2E7-8001402238FB}.Release|iPhoneSimulator.Deploy.0 = Release|iPhoneSimulator
		{2CAD683D-5CFE-4297-81B3-75066119BDCD}.Debug|Any CPU.ActiveCfg = Debug|Any CPU
		{2CAD683D-5CFE-4297-81B3-75066119BDCD}.Debug|Any CPU.Build.0 = Debug|Any CPU
		{2CAD683D-5CFE-4297-81B3-75066119BDCD}.Debug|Any CPU.Deploy.0 = Debug|Any CPU
		{2CAD683D-5CFE-4297-81B3-75066119BDCD}.Debug|iPhone.ActiveCfg = Debug|Any CPU
		{2CAD683D-5CFE-4297-81B3-75066119BDCD}.Debug|iPhone.Build.0 = Debug|Any CPU
		{2CAD683D-5CFE-4297-81B3-75066119BDCD}.Debug|iPhone.Deploy.0 = Debug|Any CPU
		{2CAD683D-5CFE-4297-81B3-75066119BDCD}.Debug|iPhoneSimulator.ActiveCfg = Debug|Any CPU
		{2CAD683D-5CFE-4297-81B3-75066119BDCD}.Debug|iPhoneSimulator.Build.0 = Debug|Any CPU
		{2CAD683D-5CFE-4297-81B3-75066119BDCD}.Debug|iPhoneSimulator.Deploy.0 = Debug|Any CPU
		{2CAD683D-5CFE-4297-81B3-75066119BDCD}.Release|Any CPU.ActiveCfg = Release|Any CPU
		{2CAD683D-5CFE-4297-81B3-75066119BDCD}.Release|Any CPU.Build.0 = Release|Any CPU
		{2CAD683D-5CFE-4297-81B3-75066119BDCD}.Release|Any CPU.Deploy.0 = Release|Any CPU
		{2CAD683D-5CFE-4297-81B3-75066119BDCD}.Release|iPhone.ActiveCfg = Release|Any CPU
		{2CAD683D-5CFE-4297-81B3-75066119BDCD}.Release|iPhone.Build.0 = Release|Any CPU
		{2CAD683D-5CFE-4297-81B3-75066119BDCD}.Release|iPhone.Deploy.0 = Release|Any CPU
		{2CAD683D-5CFE-4297-81B3-75066119BDCD}.Release|iPhoneSimulator.ActiveCfg = Release|Any CPU
		{2CAD683D-5CFE-4297-81B3-75066119BDCD}.Release|iPhoneSimulator.Build.0 = Release|Any CPU
		{2CAD683D-5CFE-4297-81B3-75066119BDCD}.Release|iPhoneSimulator.Deploy.0 = Release|Any CPU
	EndGlobalSection
	GlobalSection(SolutionProperties) = preSolution
		HideSolutionNode = FALSE
	EndGlobalSection
	GlobalSection(ExtensibilityGlobals) = postSolution
		SolutionGuid = {CD18DD8B-6E93-4153-9550-D0577E4E49A2}
	EndGlobalSection
EndGlobal
